
Microsoft Visual Studio Solution File, Format Version 12.00
Project("{FAE04EC0-301F-11D3-BF4B-00C04F79EFBC}") = "Domain", "Domain\Domain.csproj", "{CF6C504D-E864-4F2F-BCF9-10026A0FD18A}"
EndProject
Project("{FAE04EC0-301F-11D3-BF4B-00C04F79EFBC}") = "Repository", "Repository\Repository.csproj", "{7381936E-70D0-4982-8002-241F30ECF07C}"
EndProject
Project("{FAE04EC0-301F-11D3-BF4B-00C04F79EFBC}") = "Service", "Service\Service.csproj", "{E39B1CC5-8942-4C38-BAE3-D33C9DC43AC7}"
EndProject
Project("{FAE04EC0-301F-11D3-BF4B-00C04F79EFBC}") = "Web", "Web\Web.csproj", "{1D65DD6E-DAD5-495A-B5B7-FB64FBABC09D}"
EndProject
Global
	GlobalSection(SolutionConfigurationPlatforms) = preSolution
		Debug|Any CPU = Debug|Any CPU
		Release|Any CPU = Release|Any CPU
	EndGlobalSection
	GlobalSection(ProjectConfigurationPlatforms) = postSolution
		{CF6C504D-E864-4F2F-BCF9-10026A0FD18A}.Debug|Any CPU.ActiveCfg = Debug|Any CPU
		{CF6C504D-E864-4F2F-BCF9-10026A0FD18A}.Debug|Any CPU.Build.0 = Debug|Any CPU
		{CF6C504D-E864-4F2F-BCF9-10026A0FD18A}.Release|Any CPU.ActiveCfg = Release|Any CPU
		{CF6C504D-E864-4F2F-BCF9-10026A0FD18A}.Release|Any CPU.Build.0 = Release|Any CPU
		{7381936E-70D0-4982-8002-241F30ECF07C}.Debug|Any CPU.ActiveCfg = Debug|Any CPU
		{7381936E-70D0-4982-8002-241F30ECF07C}.Debug|Any CPU.Build.0 = Debug|Any CPU
		{7381936E-70D0-4982-8002-241F30ECF07C}.Release|Any CPU.ActiveCfg = Release|Any CPU
		{7381936E-70D0-4982-8002-241F30ECF07C}.Release|Any CPU.Build.0 = Release|Any CPU
		{E39B1CC5-8942-4C38-BAE3-D33C9DC43AC7}.Debug|Any CPU.ActiveCfg = Debug|Any CPU
		{E39B1CC5-8942-4C38-BAE3-D33C9DC43AC7}.Debug|Any CPU.Build.0 = Debug|Any CPU
		{E39B1CC5-8942-4C38-BAE3-D33C9DC43AC7}.Release|Any CPU.ActiveCfg = Release|Any CPU
		{E39B1CC5-8942-4C38-BAE3-D33C9DC43AC7}.Release|Any CPU.Build.0 = Release|Any CPU
		{1D65DD6E-DAD5-495A-B5B7-FB64FBABC09D}.Debug|Any CPU.ActiveCfg = Debug|Any CPU
		{1D65DD6E-DAD5-495A-B5B7-FB64FBABC09D}.Debug|Any CPU.Build.0 = Debug|Any CPU
		{1D65DD6E-DAD5-495A-B5B7-FB64FBABC09D}.Release|Any CPU.ActiveCfg = Release|Any CPU
		{1D65DD6E-DAD5-495A-B5B7-FB64FBABC09D}.Release|Any CPU.Build.0 = Release|Any CPU
	EndGlobalSection
EndGlobal
